
Microsoft Visual Studio Solution File, Format Version 9.00
# Visual Studio 2005
Project("{8BC9CEB8-8B4A-11D0-8D11-00A0C91BC942}") = "SCTMFCForDevice", "SCTMFCForDevice\SCTMFCForDevice.vcproj", "{89C1BC95-5EBF-4DBE-AD45-A5C266CC71F2}"
EndProject
Global
	GlobalSection(SolutionConfigurationPlatforms) = preSolution
		Debug|TE2440 (ARMV4I) = Debug|TE2440 (ARMV4I)
		Release|TE2440 (ARMV4I) = Release|TE2440 (ARMV4I)
	EndGlobalSection
	GlobalSection(ProjectConfigurationPlatforms) = postSolution
		{89C1BC95-5EBF-4DBE-AD45-A5C266CC71F2}.Debug|TE2440 (ARMV4I).ActiveCfg = Debug|TE2440 (ARMV4I)
		{89C1BC95-5EBF-4DBE-AD45-A5C266CC71F2}.Debug|TE2440 (ARMV4I).Build.0 = Debug|TE2440 (ARMV4I)
		{89C1BC95-5EBF-4DBE-AD45-A5C266CC71F2}.Debug|TE2440 (ARMV4I).Deploy.0 = Debug|TE2440 (ARMV4I)
		{89C1BC95-5EBF-4DBE-AD45-A5C266CC71F2}.Release|TE2440 (ARMV4I).ActiveCfg = Release|TE2440 (ARMV4I)
		{89C1BC95-5EBF-4DBE-AD45-A5C266CC71F2}.Release|TE2440 (ARMV4I).Build.0 = Release|TE2440 (ARMV4I)
		{89C1BC95-5EBF-4DBE-AD45-A5C266CC71F2}.Release|TE2440 (ARMV4I).Deploy.0 = Release|TE2440 (ARMV4I)
	EndGlobalSection
	GlobalSection(SolutionProperties) = preSolution
		HideSolutionNode = FALSE
	EndGlobalSection
EndGlobal
